
Microsoft Visual Studio Solution File, Format Version 12.00
# Visual Studio Version 16
VisualStudioVersion = 16.0.31129.286
MinimumVisualStudioVersion = 10.0.40219.1
Project("{FAE04EC0-301F-11D3-BF4B-00C04F79EFBC}") = "TASK BE", "TASK BE.csproj", "{7B6F50C6-E9F6-4E09-8E3D-1B70349F90EF}"
EndProject
Global
	GlobalSection(SolutionConfigurationPlatforms) = preSolution
		Debug|Any CPU = Debug|Any CPU
		Release|Any CPU = Release|Any CPU
	EndGlobalSection
	GlobalSection(ProjectConfigurationPlatforms) = postSolution
		{7B6F50C6-E9F6-4E09-8E3D-1B70349F90EF}.Debug|Any CPU.ActiveCfg = Debug|Any CPU
		{7B6F50C6-E9F6-4E09-8E3D-1B70349F90EF}.Debug|Any CPU.Build.0 = Debug|Any CPU
		{7B6F50C6-E9F6-4E09-8E3D-1B70349F90EF}.Release|Any CPU.ActiveCfg = Release|Any CPU
		{7B6F50C6-E9F6-4E09-8E3D-1B70349F90EF}.Release|Any CPU.Build.0 = Release|Any CPU
	EndGlobalSection
	GlobalSection(SolutionProperties) = preSolution
		HideSolutionNode = FALSE
	EndGlobalSection
	GlobalSection(ExtensibilityGlobals) = postSolution
		SolutionGuid = {5B2A36D4-8C98-49E5-9737-F8002442C853}
	EndGlobalSection
EndGlobal
